{
  "object": {
    "pins": [
      {
        "package": "Prelude",
        "repositoryURL": "https://github.com/RSM-JDA/Prelude.git",
        "state": {
          "branch": null,
          "revision": "290995e5addbc0a9b62e9df9297538f7b238f9f2",
          "version": "3.0.2"
        }
      }
    ]
  },
  "version": 1
}
